
Microsoft Visual Studio Solution File, Format Version 12.00
# Visual Studio 14
VisualStudioVersion = 14.0.25420.1
MinimumVisualStudioVersion = 10.0.40219.1
Project("{FAE04EC0-301F-11D3-BF4B-00C04F79EFBC}") = "MABRUKLIST", "ColidColorlib\MABRUKLIST.csproj", "{49330C8F-7DB7-4BC2-B2A1-18C1BA3DD1B3}"
EndProject
Project("{FAE04EC0-301F-11D3-BF4B-00C04F79EFBC}") = "DataAccessLayer", "DataAccessLayer\DataAccessLayer.csproj", "{2F225CC2-AAB2-44DB-91E0-16C507BD5236}"
EndProject
Project("{FAE04EC0-301F-11D3-BF4B-00C04F79EFBC}") = "DataTransferObjects", "DataTransferObjects\DataTransferObjects.csproj", "{D8B732F5-23B9-4069-A1C8-E713FC88810D}"
EndProject
Global
	GlobalSection(SolutionConfigurationPlatforms) = preSolution
		Debug|Any CPU = Debug|Any CPU
		Release|Any CPU = Release|Any CPU
	EndGlobalSection
	GlobalSection(ProjectConfigurationPlatforms) = postSolution
		{49330C8F-7DB7-4BC2-B2A1-18C1BA3DD1B3}.Debug|Any CPU.ActiveCfg = Debug|Any CPU
		{49330C8F-7DB7-4BC2-B2A1-18C1BA3DD1B3}.Debug|Any CPU.Build.0 = Debug|Any CPU
		{49330C8F-7DB7-4BC2-B2A1-18C1BA3DD1B3}.Release|Any CPU.ActiveCfg = Release|Any CPU
		{49330C8F-7DB7-4BC2-B2A1-18C1BA3DD1B3}.Release|Any CPU.Build.0 = Release|Any CPU
		{2F225CC2-AAB2-44DB-91E0-16C507BD5236}.Debug|Any CPU.ActiveCfg = Debug|Any CPU
		{2F225CC2-AAB2-44DB-91E0-16C507BD5236}.Debug|Any CPU.Build.0 = Debug|Any CPU
		{2F225CC2-AAB2-44DB-91E0-16C507BD5236}.Release|Any CPU.ActiveCfg = Release|Any CPU
		{2F225CC2-AAB2-44DB-91E0-16C507BD5236}.Release|Any CPU.Build.0 = Release|Any CPU
		{D8B732F5-23B9-4069-A1C8-E713FC88810D}.Debug|Any CPU.ActiveCfg = Debug|Any CPU
		{D8B732F5-23B9-4069-A1C8-E713FC88810D}.Debug|Any CPU.Build.0 = Debug|Any CPU
		{D8B732F5-23B9-4069-A1C8-E713FC88810D}.Release|Any CPU.ActiveCfg = Release|Any CPU
		{D8B732F5-23B9-4069-A1C8-E713FC88810D}.Release|Any CPU.Build.0 = Release|Any CPU
	EndGlobalSection
	GlobalSection(SolutionProperties) = preSolution
		HideSolutionNode = FALSE
	EndGlobalSection
EndGlobal
